
Microsoft Visual Studio Solution File, Format Version 12.00
# Visual Studio Version 17
VisualStudioVersion = 17.8.34330.188
MinimumVisualStudioVersion = 10.0.40219.1
Project("{9A19103F-16F7-4668-BE54-9A1E7A4F7556}") = "SQLiteTest", "SQLiteTest.csproj", "{8B7327EC-1DA8-4968-9C95-E0BACAE382B3}"
EndProject
Global
	GlobalSection(SolutionConfigurationPlatforms) = preSolution
		Debug|Any CPU = Debug|Any CPU
		Release|Any CPU = Release|Any CPU
	EndGlobalSection
	GlobalSection(ProjectConfigurationPlatforms) = postSolution
		{8B7327EC-1DA8-4968-9C95-E0BACAE382B3}.Debug|Any CPU.ActiveCfg = Debug|Any CPU
		{8B7327EC-1DA8-4968-9C95-E0BACAE382B3}.Debug|Any CPU.Build.0 = Debug|Any CPU
		{8B7327EC-1DA8-4968-9C95-E0BACAE382B3}.Release|Any CPU.ActiveCfg = Release|Any CPU
		{8B7327EC-1DA8-4968-9C95-E0BACAE382B3}.Release|Any CPU.Build.0 = Release|Any CPU
	EndGlobalSection
	GlobalSection(SolutionProperties) = preSolution
		HideSolutionNode = FALSE
	EndGlobalSection
	GlobalSection(ExtensibilityGlobals) = postSolution
		SolutionGuid = {7DB6BCC3-39DD-4E8B-88C4-3E31162117B3}
	EndGlobalSection
EndGlobal
